
Microsoft Visual Studio Solution File, Format Version 12.00
# Visual Studio Version 17
VisualStudioVersion = 17.11.35222.181
MinimumVisualStudioVersion = 10.0.40219.1
Project("{8BC9CEB8-8B4A-11D0-8D11-00A0C91BC942}") = "Lab3_PDC", "Lab3_PDC\Lab3_PDC.vcxproj", "{2D9208C8-0A3C-4D67-8C94-197989C68A9C}"
EndProject
Project("{8BC9CEB8-8B4A-11D0-8D11-00A0C91BC942}") = "Lab3(1)_PDC", "Lab3(1)_PDC\Lab3(1)_PDC.vcxproj", "{646F3FAD-1123-4D16-9523-84886B0E2D94}"
EndProject
Project("{8BC9CEB8-8B4A-11D0-8D11-00A0C91BC942}") = "UnitTest1", "UnitTest1\UnitTest1.vcxproj", "{AB68F13B-C1D1-4AF1-8DAB-1820D331544E}"
EndProject
Global
	GlobalSection(SolutionConfigurationPlatforms) = preSolution
		Debug|x64 = Debug|x64
		Debug|x86 = Debug|x86
		Release|x64 = Release|x64
		Release|x86 = Release|x86
	EndGlobalSection
	GlobalSection(ProjectConfigurationPlatforms) = postSolution
		{2D9208C8-0A3C-4D67-8C94-197989C68A9C}.Debug|x64.ActiveCfg = Debug|x64
		{2D9208C8-0A3C-4D67-8C94-197989C68A9C}.Debug|x64.Build.0 = Debug|x64
		{2D9208C8-0A3C-4D67-8C94-197989C68A9C}.Debug|x86.ActiveCfg = Debug|Win32
		{2D9208C8-0A3C-4D67-8C94-197989C68A9C}.Debug|x86.Build.0 = Debug|Win32
		{2D9208C8-0A3C-4D67-8C94-197989C68A9C}.Release|x64.ActiveCfg = Release|x64
		{2D9208C8-0A3C-4D67-8C94-197989C68A9C}.Release|x64.Build.0 = Release|x64
		{2D9208C8-0A3C-4D67-8C94-197989C68A9C}.Release|x86.ActiveCfg = Release|Win32
		{2D9208C8-0A3C-4D67-8C94-197989C68A9C}.Release|x86.Build.0 = Release|Win32
		{646F3FAD-1123-4D16-9523-84886B0E2D94}.Debug|x64.ActiveCfg = Debug|x64
		{646F3FAD-1123-4D16-9523-84886B0E2D94}.Debug|x64.Build.0 = Debug|x64
		{646F3FAD-1123-4D16-9523-84886B0E2D94}.Debug|x86.ActiveCfg = Debug|Win32
		{646F3FAD-1123-4D16-9523-84886B0E2D94}.Debug|x86.Build.0 = Debug|Win32
		{646F3FAD-1123-4D16-9523-84886B0E2D94}.Release|x64.ActiveCfg = Release|x64
		{646F3FAD-1123-4D16-9523-84886B0E2D94}.Release|x64.Build.0 = Release|x64
		{646F3FAD-1123-4D16-9523-84886B0E2D94}.Release|x86.ActiveCfg = Release|Win32
		{646F3FAD-1123-4D16-9523-84886B0E2D94}.Release|x86.Build.0 = Release|Win32
		{AB68F13B-C1D1-4AF1-8DAB-1820D331544E}.Debug|x64.ActiveCfg = Debug|x64
		{AB68F13B-C1D1-4AF1-8DAB-1820D331544E}.Debug|x64.Build.0 = Debug|x64
		{AB68F13B-C1D1-4AF1-8DAB-1820D331544E}.Debug|x86.ActiveCfg = Debug|Win32
		{AB68F13B-C1D1-4AF1-8DAB-1820D331544E}.Debug|x86.Build.0 = Debug|Win32
		{AB68F13B-C1D1-4AF1-8DAB-1820D331544E}.Release|x64.ActiveCfg = Release|x64
		{AB68F13B-C1D1-4AF1-8DAB-1820D331544E}.Release|x64.Build.0 = Release|x64
		{AB68F13B-C1D1-4AF1-8DAB-1820D331544E}.Release|x86.ActiveCfg = Release|Win32
		{AB68F13B-C1D1-4AF1-8DAB-1820D331544E}.Release|x86.Build.0 = Release|Win32
	EndGlobalSection
	GlobalSection(SolutionProperties) = preSolution
		HideSolutionNode = FALSE
	EndGlobalSection
	GlobalSection(ExtensibilityGlobals) = postSolution
		SolutionGuid = {F6AE1697-3674-4E2A-95EC-26759493EE8B}
	EndGlobalSection
EndGlobal
